{
  "name": "fb-notifext",
  "version": "1.0.0",
  "lockfileVersion": 2,
  "requires": true,
  "packages": {
    "": {
      "name": "fb-notifext",
      "version": "1.0.0",
      "license": "ISC",
      "dependencies": {
        "@spectrum-css/actionmenu": "^3.0.9",
        "@spectrum-css/avatar": "^5.0.4",
        "@spectrum-css/button": "^4.1.3",
        "@spectrum-css/helptext": "^1.0.7",
        "@spectrum-css/menu": "^3.0.9",
        "@spectrum-css/page": "^3.0.8",
        "@spectrum-css/progresscircle": "^1.0.8",
        "@spectrum-css/splitview": "^3.0.8",
        "@spectrum-css/statuslight": "^3.0.8",
        "@spectrum-css/taggroup": "^3.1.4",
        "@spectrum-css/typography": "^4.0.5",
        "@spectrum-css/vars": "^4.3.0"
      }
    },
    "node_modules/@spectrum-css/actionbutton": {
      "version": "1.0.9",
      "resolved": "https://registry.npmjs.org/@spectrum-css/actionbutton/-/actionbutton-1.0.9.tgz",
      "integrity": "sha512-wDRJWbWrPTOJZTXCqwpUUfFYXfQwGjkd0bQdvZMUdtBbMnck7yBuWFAL0T5JPQUN9LjFcUyAxGRiwkjoDtwtqQ==",
      "peer": true,
      "peerDependencies": {
        "@spectrum-css/vars": "^4.0.0"
      }
    },
    "node_modules/@spectrum-css/actionmenu": {
      "version": "3.0.9",
      "resolved": "https://registry.npmjs.org/@spectrum-css/actionmenu/-/actionmenu-3.0.9.tgz",
      "integrity": "sha512-GWE1Sk4FHCyOADFeyPrHdAxssfthUWAZTQ6fY9/6TyC9/qFeDJ3Q0DSq/MCKEsZklMP/R1ir/T7f9AHGoWVxdw==",
      "peerDependencies": {
        "@spectrum-css/actionbutton": "^1.0.4",
        "@spectrum-css/icon": "^3.0.4",
        "@spectrum-css/menu": "^3.0.4",
        "@spectrum-css/popover": "^3.0.4",
        "@spectrum-css/vars": "^4.0.0"
      }
    },
    "node_modules/@spectrum-css/avatar": {
      "version": "5.0.4",
      "resolved": "https://registry.npmjs.org/@spectrum-css/avatar/-/avatar-5.0.4.tgz",
      "integrity": "sha512-YT/ZhK9iPxFaQfFQgciuMhwUQR2GvR6SGkq95Dkh4NyU8jPbnn74PyY8p0UjsDyn4ByKufYDAkflfGLzzYJIhw==",
      "peerDependencies": {
        "@spectrum-css/vars": "^4.0.0"
      }
    },
    "node_modules/@spectrum-css/button": {
      "version": "4.1.3",
      "resolved": "https://registry.npmjs.org/@spectrum-css/button/-/button-4.1.3.tgz",
      "integrity": "sha512-fKsblXQCxvfiRRCBtMZkvGJTutDtUXlS8Jph0ZzoWb5AmqDqoE3xevAeUkvRi4xLB9bAC3icG+1eeE1DoodXkg==",
      "peerDependencies": {
        "@spectrum-css/vars": "^4.0.0"
      }
    },
    "node_modules/@spectrum-css/buttongroup": {
      "version": "3.0.9",
      "resolved": "https://registry.npmjs.org/@spectrum-css/buttongroup/-/buttongroup-3.0.9.tgz",
      "integrity": "sha512-OsvTl5x6vfRSy8kYGZMzdp1ksUyKeySBa5QWSUl/g1j6XztDeB8Lxapc+VUV6TmrB9qhWglZNVodlIL2jsiWKw==",
      "peer": true,
      "peerDependencies": {
        "@spectrum-css/button": "^4.0.0",
        "@spectrum-css/vars": "^4.0.0"
      }
    },
    "node_modules/@spectrum-css/dialog": {
      "version": "3.0.10",
      "resolved": "https://registry.npmjs.org/@spectrum-css/dialog/-/dialog-3.0.10.tgz",
      "integrity": "sha512-8Rq4tTz+CUdVGm2B4ifsw87EOraFvuaZiJwuMyPe0XW2VZ0LiAaiIBJq8s+NCMMwlGxkvEC0HFjWphC3nSj64A==",
      "peer": true,
      "peerDependencies": {
        "@spectrum-css/actionbutton": "^1.0.4",
        "@spectrum-css/button": "^4.0.0",
        "@spectrum-css/buttongroup": "^3.0.4",
        "@spectrum-css/divider": "^1.0.4",
        "@spectrum-css/icon": "^3.0.4",
        "@spectrum-css/modal": "^3.0.3",
        "@spectrum-css/underlay": "^2.0.11",
        "@spectrum-css/vars": "^4.0.0"
      }
    },
    "node_modules/@spectrum-css/divider": {
      "version": "1.0.9",
      "resolved": "https://registry.npmjs.org/@spectrum-css/divider/-/divider-1.0.9.tgz",
      "integrity": "sha512-kmSMSXbm56FR0/OAGwT6tlsHuy1OpOve2DBggjND+AVWk6i3TpoTjvbVppy/f8fuLfbMDS5D3MPD27wTEj8wDA==",
      "peer": true,
      "dependencies": {
        "@spectrum-css/vars": "^4.3.0"
      }
    },
    "node_modules/@spectrum-css/helptext": {
      "version": "1.0.7",
      "resolved": "https://registry.npmjs.org/@spectrum-css/helptext/-/helptext-1.0.7.tgz",
      "integrity": "sha512-oeXAvust/POoR3mHRiebpQXbAGScJvRBDEPBTuMZ7NzSFi2MkzU1G/bQAnjDUTedmQv6HAtMzfj2+NT6v3AL9w==",
      "peerDependencies": {
        "@spectrum-css/icon": "^3.0.4",
        "@spectrum-css/vars": "^4.0.0"
      }
    },
    "node_modules/@spectrum-css/icon": {
      "version": "3.0.9",
      "resolved": "https://registry.npmjs.org/@spectrum-css/icon/-/icon-3.0.9.tgz",
      "integrity": "sha512-aX7B5+XOl4ObkJVcyyUCIbeFSdSXVAuyRQbLMzHetv85yihJX3D91jt1thkQVG2wS47jSl76QMq3WQ8DZxbQ+A==",
      "peer": true,
      "peerDependencies": {
        "@spectrum-css/vars": "^4.0.0"
      }
    },
    "node_modules/@spectrum-css/menu": {
      "version": "3.0.9",
      "resolved": "https://registry.npmjs.org/@spectrum-css/menu/-/menu-3.0.9.tgz",
      "integrity": "sha512-vEXdpfzmoYYyA/ShReqc2+aG5BGCFwOybpJSzDIPfWTNIk/1IyjCycJo4+sRIE1CXS1Z7mP+PnJa+8EjXqnYGw==",
      "peerDependencies": {
        "@spectrum-css/icon": "^3.0.4",
        "@spectrum-css/vars": "^4.0.0"
      }
    },
    "node_modules/@spectrum-css/modal": {
      "version": "3.0.8",
      "resolved": "https://registry.npmjs.org/@spectrum-css/modal/-/modal-3.0.8.tgz",
      "integrity": "sha512-wJsTKp3ApCVOUdASbjxuxt3ngqFo31S0sDeOYTE752eckB+fYnUOzDfm5bGvBjhsgAMqmXwlnj/4kRjfVSRN8A==",
      "peer": true,
      "peerDependencies": {
        "@spectrum-css/vars": "^4.0.0"
      }
    },
    "node_modules/@spectrum-css/page": {
      "version": "3.0.8",
      "resolved": "https://registry.npmjs.org/@spectrum-css/page/-/page-3.0.8.tgz",
      "integrity": "sha512-naEGOyDv9zeK05oa8mZKdwenPILmHG9OTLyKcE8RwuYQDvb0EHcMGC54DOKtGJ5SMNMGCMdC4RwmYUYYKAhkNA==",
      "dependencies": {
        "@spectrum-css/vars": "^4.3.0"
      }
    },
    "node_modules/@spectrum-css/popover": {
      "version": "3.0.9",
      "resolved": "https://registry.npmjs.org/@spectrum-css/popover/-/popover-3.0.9.tgz",
      "integrity": "sha512-7JcjWkhIgPRhMCAvS2sELIDjgdFgEZn7PrKgudmpgvlFk19AlWvO/55RIWSvwQnX5xHQG29S8Vi1LZ9X/oBAiQ==",
      "peer": true,
      "peerDependencies": {
        "@spectrum-css/dialog": "^3.0.4",
        "@spectrum-css/vars": "^4.0.0"
      }
    },
    "node_modules/@spectrum-css/progresscircle": {
      "version": "1.0.8",
      "resolved": "https://registry.npmjs.org/@spectrum-css/progresscircle/-/progresscircle-1.0.8.tgz",
      "integrity": "sha512-5/uSO/T1Vggb5soAlYiaUdP9uaNuqEgRhpiHjyFg9EFQIfgbDFIq68aV91GNQzmZNOJgFORvv0cSpvn9z/HCWA==",
      "peerDependencies": {
        "@spectrum-css/vars": "^4.0.0"
      }
    },
    "node_modules/@spectrum-css/splitview": {
      "version": "3.0.8",
      "resolved": "https://registry.npmjs.org/@spectrum-css/splitview/-/splitview-3.0.8.tgz",
      "integrity": "sha512-BCz9leAIluwmsNFxZnQtXJPhA9cP/3TrPCpwsi6T7P0pqn1F5waqUZWIvPnqlWIQeogJkjT29CXD8TbWmfIfJQ==",
      "peerDependencies": {
        "@spectrum-css/vars": "^4.0.0"
      }
    },
    "node_modules/@spectrum-css/statuslight": {
      "version": "3.0.8",
      "resolved": "https://registry.npmjs.org/@spectrum-css/statuslight/-/statuslight-3.0.8.tgz",
      "integrity": "sha512-zMTHs8lk+I7fLdi9waEEbsCmJ1FxeHcjQ0yltWxuRmGk2vl4MQdQIuHIMI63iblqEaiwnJRjXJoKnWlNvndTJQ==",
      "peerDependencies": {
        "@spectrum-css/vars": "^4.0.0"
      }
    },
    "node_modules/@spectrum-css/tag": {
      "version": "3.1.4",
      "resolved": "https://registry.npmjs.org/@spectrum-css/tag/-/tag-3.1.4.tgz",
      "integrity": "sha512-9dYBMhCEkjy+p75XJIfCA2/zU4JAqsJrL7fkYIDXakS6/BzeVtIvAW/6JaIHtLIA9lrj0Sn4m+ZjceKnZNIv1w==",
      "peer": true,
      "peerDependencies": {
        "@spectrum-css/button": "^4.0.0",
        "@spectrum-css/vars": "^4.0.0"
      }
    },
    "node_modules/@spectrum-css/taggroup": {
      "version": "3.1.4",
      "resolved": "https://registry.npmjs.org/@spectrum-css/taggroup/-/taggroup-3.1.4.tgz",
      "integrity": "sha512-AcbHviT33Cjj6A9WKt9qvebPwl/+NeMkD6n7pDPwpo081hAakevGXtcQX1BkErMk/x18LIQ10+iaq+g0V0aT6g==",
      "peerDependencies": {
        "@spectrum-css/button": "^4.0.0",
        "@spectrum-css/tag": "^3.0.0",
        "@spectrum-css/vars": "^4.0.0"
      }
    },
    "node_modules/@spectrum-css/typography": {
      "version": "4.0.5",
      "resolved": "https://registry.npmjs.org/@spectrum-css/typography/-/typography-4.0.5.tgz",
      "integrity": "sha512-miV9zetw4xA315tIYQdI4kPCr7FnyRigaFDlknDHEr5CEUHumoOQ4eqJMliTcIA1HeH1ip1dvK0ANKDcs/ncgA==",
      "peerDependencies": {
        "@spectrum-css/vars": "^4.0.0"
      }
    },
    "node_modules/@spectrum-css/underlay": {
      "version": "2.0.17",
      "resolved": "https://registry.npmjs.org/@spectrum-css/underlay/-/underlay-2.0.17.tgz",
      "integrity": "sha512-Afqhc7k8HBqMZ8jkpvl1MqeWRzwrXcdFFkMHiTNPNaJrCYNETyVRlQvvZMNftXOxrzbg+49Ux6FUCFLINnwGwQ==",
      "peer": true,
      "peerDependencies": {
        "@spectrum-css/vars": "^4.0.0"
      }
    },
    "node_modules/@spectrum-css/vars": {
      "version": "4.3.0",
      "resolved": "https://registry.npmjs.org/@spectrum-css/vars/-/vars-4.3.0.tgz",
      "integrity": "sha512-ZQ2XAhgu4G9yBeXQNDAz07Z8oZNnMt5o9vzf/mpBA7Teb/JI+8qXp2wt8D245SzmtNlFkG/bzRYvQc0scgZeCQ=="
    }
  },
  "dependencies": {
    "@spectrum-css/actionbutton": {
      "version": "1.0.9",
      "resolved": "https://registry.npmjs.org/@spectrum-css/actionbutton/-/actionbutton-1.0.9.tgz",
      "integrity": "sha512-wDRJWbWrPTOJZTXCqwpUUfFYXfQwGjkd0bQdvZMUdtBbMnck7yBuWFAL0T5JPQUN9LjFcUyAxGRiwkjoDtwtqQ==",
      "peer": true,
      "requires": {}
    },
    "@spectrum-css/actionmenu": {
      "version": "3.0.9",
      "resolved": "https://registry.npmjs.org/@spectrum-css/actionmenu/-/actionmenu-3.0.9.tgz",
      "integrity": "sha512-GWE1Sk4FHCyOADFeyPrHdAxssfthUWAZTQ6fY9/6TyC9/qFeDJ3Q0DSq/MCKEsZklMP/R1ir/T7f9AHGoWVxdw==",
      "requires": {}
    },
    "@spectrum-css/avatar": {
      "version": "5.0.4",
      "resolved": "https://registry.npmjs.org/@spectrum-css/avatar/-/avatar-5.0.4.tgz",
      "integrity": "sha512-YT/ZhK9iPxFaQfFQgciuMhwUQR2GvR6SGkq95Dkh4NyU8jPbnn74PyY8p0UjsDyn4ByKufYDAkflfGLzzYJIhw==",
      "requires": {}
    },
    "@spectrum-css/button": {
      "version": "4.1.3",
      "resolved": "https://registry.npmjs.org/@spectrum-css/button/-/button-4.1.3.tgz",
      "integrity": "sha512-fKsblXQCxvfiRRCBtMZkvGJTutDtUXlS8Jph0ZzoWb5AmqDqoE3xevAeUkvRi4xLB9bAC3icG+1eeE1DoodXkg==",
      "requires": {}
    },
    "@spectrum-css/buttongroup": {
      "version": "3.0.9",
      "resolved": "https://registry.npmjs.org/@spectrum-css/buttongroup/-/buttongroup-3.0.9.tgz",
      "integrity": "sha512-OsvTl5x6vfRSy8kYGZMzdp1ksUyKeySBa5QWSUl/g1j6XztDeB8Lxapc+VUV6TmrB9qhWglZNVodlIL2jsiWKw==",
      "peer": true,
      "requires": {}
    },
    "@spectrum-css/dialog": {
      "version": "3.0.10",
      "resolved": "https://registry.npmjs.org/@spectrum-css/dialog/-/dialog-3.0.10.tgz",
      "integrity": "sha512-8Rq4tTz+CUdVGm2B4ifsw87EOraFvuaZiJwuMyPe0XW2VZ0LiAaiIBJq8s+NCMMwlGxkvEC0HFjWphC3nSj64A==",
      "peer": true,
      "requires": {}
    },
    "@spectrum-css/divider": {
      "version": "1.0.9",
      "resolved": "https://registry.npmjs.org/@spectrum-css/divider/-/divider-1.0.9.tgz",
      "integrity": "sha512-kmSMSXbm56FR0/OAGwT6tlsHuy1OpOve2DBggjND+AVWk6i3TpoTjvbVppy/f8fuLfbMDS5D3MPD27wTEj8wDA==",
      "peer": true,
      "requires": {
        "@spectrum-css/vars": "^4.3.0"
      }
    },
    "@spectrum-css/helptext": {
      "version": "1.0.7",
      "resolved": "https://registry.npmjs.org/@spectrum-css/helptext/-/helptext-1.0.7.tgz",
      "integrity": "sha512-oeXAvust/POoR3mHRiebpQXbAGScJvRBDEPBTuMZ7NzSFi2MkzU1G/bQAnjDUTedmQv6HAtMzfj2+NT6v3AL9w==",
      "requires": {}
    },
    "@spectrum-css/icon": {
      "version": "3.0.9",
      "resolved": "https://registry.npmjs.org/@spectrum-css/icon/-/icon-3.0.9.tgz",
      "integrity": "sha512-aX7B5+XOl4ObkJVcyyUCIbeFSdSXVAuyRQbLMzHetv85yihJX3D91jt1thkQVG2wS47jSl76QMq3WQ8DZxbQ+A==",
      "peer": true,
      "requires": {}
    },
    "@spectrum-css/menu": {
      "version": "3.0.9",
      "resolved": "https://registry.npmjs.org/@spectrum-css/menu/-/menu-3.0.9.tgz",
      "integrity": "sha512-vEXdpfzmoYYyA/ShReqc2+aG5BGCFwOybpJSzDIPfWTNIk/1IyjCycJo4+sRIE1CXS1Z7mP+PnJa+8EjXqnYGw==",
      "requires": {}
    },
    "@spectrum-css/modal": {
      "version": "3.0.8",
      "resolved": "https://registry.npmjs.org/@spectrum-css/modal/-/modal-3.0.8.tgz",
      "integrity": "sha512-wJsTKp3ApCVOUdASbjxuxt3ngqFo31S0sDeOYTE752eckB+fYnUOzDfm5bGvBjhsgAMqmXwlnj/4kRjfVSRN8A==",
      "peer": true,
      "requires": {}
    },
    "@spectrum-css/page": {
      "version": "3.0.8",
      "resolved": "https://registry.npmjs.org/@spectrum-css/page/-/page-3.0.8.tgz",
      "integrity": "sha512-naEGOyDv9zeK05oa8mZKdwenPILmHG9OTLyKcE8RwuYQDvb0EHcMGC54DOKtGJ5SMNMGCMdC4RwmYUYYKAhkNA==",
      "requires": {
        "@spectrum-css/vars": "^4.3.0"
      }
    },
    "@spectrum-css/popover": {
      "version": "3.0.9",
      "resolved": "https://registry.npmjs.org/@spectrum-css/popover/-/popover-3.0.9.tgz",
      "integrity": "sha512-7JcjWkhIgPRhMCAvS2sELIDjgdFgEZn7PrKgudmpgvlFk19AlWvO/55RIWSvwQnX5xHQG29S8Vi1LZ9X/oBAiQ==",
      "peer": true,
      "requires": {}
    },
    "@spectrum-css/progresscircle": {
      "version": "1.0.8",
      "resolved": "https://registry.npmjs.org/@spectrum-css/progresscircle/-/progresscircle-1.0.8.tgz",
      "integrity": "sha512-5/uSO/T1Vggb5soAlYiaUdP9uaNuqEgRhpiHjyFg9EFQIfgbDFIq68aV91GNQzmZNOJgFORvv0cSpvn9z/HCWA==",
      "requires": {}
    },
    "@spectrum-css/splitview": {
      "version": "3.0.8",
      "resolved": "https://registry.npmjs.org/@spectrum-css/splitview/-/splitview-3.0.8.tgz",
      "integrity": "sha512-BCz9leAIluwmsNFxZnQtXJPhA9cP/3TrPCpwsi6T7P0pqn1F5waqUZWIvPnqlWIQeogJkjT29CXD8TbWmfIfJQ==",
      "requires": {}
    },
    "@spectrum-css/statuslight": {
      "version": "3.0.8",
      "resolved": "https://registry.npmjs.org/@spectrum-css/statuslight/-/statuslight-3.0.8.tgz",
      "integrity": "sha512-zMTHs8lk+I7fLdi9waEEbsCmJ1FxeHcjQ0yltWxuRmGk2vl4MQdQIuHIMI63iblqEaiwnJRjXJoKnWlNvndTJQ==",
      "requires": {}
    },
    "@spectrum-css/tag": {
      "version": "3.1.4",
      "resolved": "https://registry.npmjs.org/@spectrum-css/tag/-/tag-3.1.4.tgz",
      "integrity": "sha512-9dYBMhCEkjy+p75XJIfCA2/zU4JAqsJrL7fkYIDXakS6/BzeVtIvAW/6JaIHtLIA9lrj0Sn4m+ZjceKnZNIv1w==",
      "peer": true,
      "requires": {}
    },
    "@spectrum-css/taggroup": {
      "version": "3.1.4",
      "resolved": "https://registry.npmjs.org/@spectrum-css/taggroup/-/taggroup-3.1.4.tgz",
      "integrity": "sha512-AcbHviT33Cjj6A9WKt9qvebPwl/+NeMkD6n7pDPwpo081hAakevGXtcQX1BkErMk/x18LIQ10+iaq+g0V0aT6g==",
      "requires": {}
    },
    "@spectrum-css/typography": {
      "version": "4.0.5",
      "resolved": "https://registry.npmjs.org/@spectrum-css/typography/-/typography-4.0.5.tgz",
      "integrity": "sha512-miV9zetw4xA315tIYQdI4kPCr7FnyRigaFDlknDHEr5CEUHumoOQ4eqJMliTcIA1HeH1ip1dvK0ANKDcs/ncgA==",
      "requires": {}
    },
    "@spectrum-css/underlay": {
      "version": "2.0.17",
      "resolved": "https://registry.npmjs.org/@spectrum-css/underlay/-/underlay-2.0.17.tgz",
      "integrity": "sha512-Afqhc7k8HBqMZ8jkpvl1MqeWRzwrXcdFFkMHiTNPNaJrCYNETyVRlQvvZMNftXOxrzbg+49Ux6FUCFLINnwGwQ==",
      "peer": true,
      "requires": {}
    },
    "@spectrum-css/vars": {
      "version": "4.3.0",
      "resolved": "https://registry.npmjs.org/@spectrum-css/vars/-/vars-4.3.0.tgz",
      "integrity": "sha512-ZQ2XAhgu4G9yBeXQNDAz07Z8oZNnMt5o9vzf/mpBA7Teb/JI+8qXp2wt8D245SzmtNlFkG/bzRYvQc0scgZeCQ=="
    }
  }
}
